
Microsoft Visual Studio Solution File, Format Version 12.00
# Visual Studio Version 16
VisualStudioVersion = 16.0.31105.61
MinimumVisualStudioVersion = 10.0.40219.1
Project("{FAE04EC0-301F-11D3-BF4B-00C04F79EFBC}") = "Lab6_ryd_server", "Lab6_ryd_server\Lab6_ryd_server.csproj", "{9651DC4D-5F8E-4B8D-9745-D11177D16334}"
EndProject
Global
	GlobalSection(SolutionConfigurationPlatforms) = preSolution
		Debug|Any CPU = Debug|Any CPU
		Release|Any CPU = Release|Any CPU
	EndGlobalSection
	GlobalSection(ProjectConfigurationPlatforms) = postSolution
		{9651DC4D-5F8E-4B8D-9745-D11177D16334}.Debug|Any CPU.ActiveCfg = Debug|Any CPU
		{9651DC4D-5F8E-4B8D-9745-D11177D16334}.Debug|Any CPU.Build.0 = Debug|Any CPU
		{9651DC4D-5F8E-4B8D-9745-D11177D16334}.Release|Any CPU.ActiveCfg = Release|Any CPU
		{9651DC4D-5F8E-4B8D-9745-D11177D16334}.Release|Any CPU.Build.0 = Release|Any CPU
	EndGlobalSection
	GlobalSection(SolutionProperties) = preSolution
		HideSolutionNode = FALSE
	EndGlobalSection
	GlobalSection(ExtensibilityGlobals) = postSolution
		SolutionGuid = {4CAFBE34-C121-418B-B8B1-DD8AA8CF2332}
	EndGlobalSection
EndGlobal
